Microsoft Visual Studio Solution File, Format Version 12.00
# Visual Studio Version 17
VisualStudioVersion = 17.5.2.0
MinimumVisualStudioVersion = 10.0.40219.1
Project("{FAE04EC0-301F-11D3-BF4B-00C04F79EFBC}") = "MediSure_Clinic", "MediSure_Clinic\MediSure_Clinic.csproj", "{A6BA1E26-2382-4A2E-437E-9C3B7D42274A}"
EndProject
Project("{FAE04EC0-301F-11D3-BF4B-00C04F79EFBC}") = "QuickMart_Traders", "QuickMart_Traders\QuickMart_Traders.csproj", "{5FCB1C81-2690-B407-CC09-1EAFAF35BDA3}"
EndProject
Global
	GlobalSection(SolutionConfigurationPlatforms) = preSolution
		Debug|Any CPU = Debug|Any CPU
		Release|Any CPU = Release|Any CPU
	EndGlobalSection
	GlobalSection(ProjectConfigurationPlatforms) = postSolution
		{A6BA1E26-2382-4A2E-437E-9C3B7D42274A}.Debug|Any CPU.ActiveCfg = Debug|Any CPU
		{A6BA1E26-2382-4A2E-437E-9C3B7D42274A}.Debug|Any CPU.Build.0 = Debug|Any CPU
		{A6BA1E26-2382-4A2E-437E-9C3B7D42274A}.Release|Any CPU.ActiveCfg = Release|Any CPU
		{A6BA1E26-2382-4A2E-437E-9C3B7D42274A}.Release|Any CPU.Build.0 = Release|Any CPU
		{5FCB1C81-2690-B407-CC09-1EAFAF35BDA3}.Debug|Any CPU.ActiveCfg = Debug|Any CPU
		{5FCB1C81-2690-B407-CC09-1EAFAF35BDA3}.Debug|Any CPU.Build.0 = Debug|Any CPU
		{5FCB1C81-2690-B407-CC09-1EAFAF35BDA3}.Release|Any CPU.ActiveCfg = Release|Any CPU
		{5FCB1C81-2690-B407-CC09-1EAFAF35BDA3}.Release|Any CPU.Build.0 = Release|Any CPU
	EndGlobalSection
	GlobalSection(SolutionProperties) = preSolution
		HideSolutionNode = FALSE
	EndGlobalSection
	GlobalSection(ExtensibilityGlobals) = postSolution
		SolutionGuid = {82FB31BE-06F2-4756-AF77-9015576F2B2D}
	EndGlobalSection
EndGlobal
